// !$*UTF8*$!
{
	archiveVersion = 1;
	classes = {
	};
	objectVersion = 48;
	objects = {

/* Begin PBXBuildFile section */
		309D95EB235DB644002E2C34 /* SettingsTableVC.swift in Sources */ = {isa = PBXBuildFile; fileRef = 309D95EA235DB644002E2C34 /* SettingsTableVC.swift */; };
		30C9A00D1F820A1D00A256D4 /* Keys.swift in Sources */ = {isa = PBXBuildFile; fileRef = 30C9A00C1F820A1D00A256D4 /* Keys.swift */; };
		30E441641F7D3F8F00FC8463 /* AppDelegate.swift in Sources */ = {isa = PBXBuildFile; fileRef = 30E441631F7D3F8F00FC8463 /* AppDelegate.swift */; };
		30E441661F7D3F8F00FC8463 /* MainVC.swift in Sources */ = {isa = PBXBuildFile; fileRef = 30E441651F7D3F8F00FC8463 /* MainVC.swift */; };
		30E441691F7D3F8F00FC8463 /* Main.storyboard in Resources */ = {isa = PBXBuildFile; fileRef = 30E441671F7D3F8F00FC8463 /* Main.storyboard */; };
		30E4416B1F7D3F8F00FC8463 /* Assets.xcassets in Resources */ = {isa = PBXBuildFile; fileRef = 30E4416A1F7D3F8F00FC8463 /* Assets.xcassets */; };
		30E4416E1F7D3F8F00FC8463 /* LaunchScreen.storyboard in Resources */ = {isa = PBXBuildFile; fileRef = 30E4416C1F7D3F8F00FC8463 /* LaunchScreen.storyboard */; };
		30E8E4711F8BA092000AEA37 /* MainVC+AppearingViews.swift in Sources */ = {isa = PBXBuildFile; fileRef = 30E8E4701F8BA092000AEA37 /* MainVC+AppearingViews.swift */; };
		30E8E4731F8BA2FA000AEA37 /* Audio.swift in Sources */ = {isa = PBXBuildFile; fileRef = 30E8E4721F8BA2FA000AEA37 /* Audio.swift */; };
		30E8E4751F8C1B5C000AEA37 /* EvernoteIntegration.swift in Sources */ = {isa = PBXBuildFile; fileRef = 30E8E4741F8C1B5C000AEA37 /* EvernoteIntegration.swift */; };
		B42B0ADE357D0D2940A5DE84 /* Pods_Pour.framework in Frameworks */ = {isa = PBXBuildFile; fileRef = 050D10F1F8F773A72A561EE8 /* Pods_Pour.framework */; };
/* End PBXBuildFile section */

/* Begin PBXFileReference section */
		050D10F1F8F773A72A561EE8 /* Pods_Pour.framework */ = {isa = PBXFileReference; explicitFileType = wrapper.framework; includeInIndex = 0; path = Pods_Pour.framework; sourceTree = BUILT_PRODUCTS_DIR; };
		309D95EA235DB644002E2C34 /* SettingsTableVC.swift */ = {isa = PBXFileReference; lastKnownFileType = sourcecode.swift; path = SettingsTableVC.swift; sourceTree = "<group>"; };
		30C9A00C1F820A1D00A256D4 /* Keys.swift */ = {isa = PBXFileReference; lastKnownFileType = sourcecode.swift; path = Keys.swift; sourceTree = "<group>"; };
		30E441601F7D3F8F00FC8463 /* Pour.app */ = {isa = PBXFileReference; explicitFileType = wrapper.application; includeInIndex = 0; path = Pour.app; sourceTree = BUILT_PRODUCTS_DIR; };
		30E441631F7D3F8F00FC8463 /* AppDelegate.swift */ = {isa = PBXFileReference; lastKnownFileType = sourcecode.swift; path = AppDelegate.swift; sourceTree = "<group>"; };
		30E441651F7D3F8F00FC8463 /* MainVC.swift */ = {isa = PBXFileReference; lastKnownFileType = sourcecode.swift; path = MainVC.swift; sourceTree = "<group>"; };
		30E441681F7D3F8F00FC8463 /* Base */ = {isa = PBXFileReference; lastKnownFileType = file.storyboard; name = Base; path = Base.lproj/Main.storyboard; sourceTree = "<group>"; };
		30E4416A1F7D3F8F00FC8463 /* Assets.xcassets */ = {isa = PBXFileReference; lastKnownFileType = folder.assetcatalog; path = Assets.xcassets; sourceTree = "<group>"; };
		30E4416D1F7D3F8F00FC8463 /* Base */ = {isa = PBXFileReference; lastKnownFileType = file.storyboard; name = Base; path = Base.lproj/LaunchScreen.storyboard; sourceTree = "<group>"; };
		30E4416F1F7D3F8F00FC8463 /* Info.plist */ = {isa = PBXFileReference; lastKnownFileType = text.plist.xml; path = Info.plist; sourceTree = "<group>"; };
		30E8E4701F8BA092000AEA37 /* MainVC+AppearingViews.swift */ = {isa = PBXFileReference; lastKnownFileType = sourcecode.swift; path = "MainVC+AppearingViews.swift"; sourceTree = "<group>"; };
		30E8E4721F8BA2FA000AEA37 /* Audio.swift */ = {isa = PBXFileReference; lastKnownFileType = sourcecode.swift; path = Audio.swift; sourceTree = "<group>"; };
		30E8E4741F8C1B5C000AEA37 /* EvernoteIntegration.swift */ = {isa = PBXFileReference; lastKnownFileType = sourcecode.swift; path = EvernoteIntegration.swift; sourceTree = "<group>"; };
		8FE0D44A2F707DB44CEFF0E6 /* Pods-Pour.release.xcconfig */ = {isa = PBXFileReference; includeInIndex = 1; lastKnownFileType = text.xcconfig; name = "Pods-Pour.release.xcconfig"; path = "Pods/Target Support Files/Pods-Pour/Pods-Pour.release.xcconfig"; sourceTree = "<group>"; };
		CA92D373141253449D509563 /* Pods-Pour.debug.xcconfig */ = {isa = PBXFileReference; includeInIndex = 1; lastKnownFileType = text.xcconfig; name = "Pods-Pour.debug.xcconfig"; path = "Pods/Target Support Files/Pods-Pour/Pods-Pour.debug.xcconfig"; sourceTree = "<group>"; };
/* End PBXFileReference section */

/* Begin PBXFrameworksBuildPhase section */
		30E4415D1F7D3F8F00FC8463 /* Frameworks */ = {
			isa = PBXFrameworksBuildPhase;
			buildActionMask = 2147483647;
			files = (
				B42B0ADE357D0D2940A5DE84 /* Pods_Pour.framework in Frameworks */,
			);
			runOnlyForDeploymentPostprocessing = 0;
		};
/* End PBXFrameworksBuildPhase section */

/* Begin PBXGroup section */
		30E441571F7D3F8F00FC8463 = {
			isa = PBXGroup;
			children = (
				30E441621F7D3F8F00FC8463 /* Pour */,
				30E441611F7D3F8F00FC8463 /* Products */,
				F4D2A846C5D8C58255CA6FFF /* Pods */,
				743E13CD6662C6C398250929 /* Frameworks */,
			);
			sourceTree = "<group>";
		};
		30E441611F7D3F8F00FC8463 /* Products */ = {
			isa = PBXGroup;
			children = (
				30E441601F7D3F8F00FC8463 /* Pour.app */,
			);
			name = Products;
			sourceTree = "<group>";
		};
		30E441621F7D3F8F00FC8463 /* Pour */ = {
			isa = PBXGroup;
			children = (
				30E441631F7D3F8F00FC8463 /* AppDelegate.swift */,
				30E441651F7D3F8F00FC8463 /* MainVC.swift */,
				30E8E4701F8BA092000AEA37 /* MainVC+AppearingViews.swift */,
				309D95EA235DB644002E2C34 /* SettingsTableVC.swift */,
				30E8E4721F8BA2FA000AEA37 /* Audio.swift */,
				30E8E4741F8C1B5C000AEA37 /* EvernoteIntegration.swift */,
				30E441671F7D3F8F00FC8463 /* Main.storyboard */,
				30E4416A1F7D3F8F00FC8463 /* Assets.xcassets */,
				30E4416C1F7D3F8F00FC8463 /* LaunchScreen.storyboard */,
				30E4416F1F7D3F8F00FC8463 /* Info.plist */,
				30C9A00C1F820A1D00A256D4 /* Keys.swift */,
			);
			path = Pour;
			sourceTree = "<group>";
		};
		743E13CD6662C6C398250929 /* Frameworks */ = {
			isa = PBXGroup;
			children = (
				050D10F1F8F773A72A561EE8 /* Pods_Pour.framework */,
			);
			name = Frameworks;
			sourceTree = "<group>";
		};
		F4D2A846C5D8C58255CA6FFF /* Pods */ = {
			isa = PBXGroup;
			children = (
				CA92D373141253449D509563 /* Pods-Pour.debug.xcconfig */,
				8FE0D44A2F707DB44CEFF0E6 /* Pods-Pour.release.xcconfig */,
			);
			name = Pods;
			sourceTree = "<group>";
		};
/* End PBXGroup section */

/* Begin PBXNativeTarget section */
		30E4415F1F7D3F8F00FC8463 /* Pour */ = {
			isa = PBXNativeTarget;
			buildConfigurationList = 30E441721F7D3F8F00FC8463 /* Build configuration list for PBXNativeTarget "Pour" */;
			buildPhases = (
				B9ADA9B2CCFBE52A2EABBF2A /* [CP] Check Pods Manifest.lock */,
				30E4415C1F7D3F8F00FC8463 /* Sources */,
				30E4415D1F7D3F8F00FC8463 /* Frameworks */,
				30E4415E1F7D3F8F00FC8463 /* Resources */,
				473FE0F1F3918C360E8AE951 /* [CP] Embed Pods Frameworks */,
				116478EF3E434EE97AF261B4 /* [CP] Copy Pods Resources */,
			);
			buildRules = (
			);
			dependencies = (
			);
			name = Pour;
			productName = Pour;
			productReference = 30E441601F7D3F8F00FC8463 /* Pour.app */;
			productType = "com.apple.product-type.application";
		};
/* End PBXNativeTarget section */

/* Begin PBXProject section */
		30E441581F7D3F8F00FC8463 /* Project object */ = {
			isa = PBXProject;
			attributes = {
				LastSwiftUpdateCheck = 0900;
				LastUpgradeCheck = 1010;
				ORGANIZATIONNAME = "Lennart Wisbar";
				TargetAttributes = {
					30E4415F1F7D3F8F00FC8463 = {
						CreatedOnToolsVersion = 9.0;
						LastSwiftMigration = 1120;
						ProvisioningStyle = Automatic;
					};
				};
			};
			buildConfigurationList = 30E4415B1F7D3F8F00FC8463 /* Build configuration list for PBXProject "Pour" */;
			compatibilityVersion = "Xcode 8.0";
			developmentRegion = en;
			hasScannedForEncodings = 0;
			knownRegions = (
				en,
				Base,
			);
			mainGroup = 30E441571F7D3F8F00FC8463;
			productRefGroup = 30E441611F7D3F8F00FC8463 /* Products */;
			projectDirPath = "";
			projectRoot = "";
			targets = (
				30E4415F1F7D3F8F00FC8463 /* Pour */,
			);
		};
/* End PBXProject section */

/* Begin PBXResourcesBuildPhase section */
		30E4415E1F7D3F8F00FC8463 /* Resources */ = {
			isa = PBXResourcesBuildPhase;
			buildActionMask = 2147483647;
			files = (
				30E4416E1F7D3F8F00FC8463 /* LaunchScreen.storyboard in Resources */,
				30E4416B1F7D3F8F00FC8463 /* Assets.xcassets in Resources */,
				30E441691F7D3F8F00FC8463 /* Main.storyboard in Resources */,
			);
			runOnlyForDeploymentPostprocessing = 0;
		};
/* End PBXResourcesBuildPhase section */

/* Begin PBXShellScriptBuildPhase section */
		116478EF3E434EE97AF261B4 /* [CP] Copy Pods Resources */ = {
			isa = PBXShellScriptBuildPhase;
			buildActionMask = 2147483647;
			files = (
			);
			inputPaths = (
			);
			name = "[CP] Copy Pods Resources";
			outputPaths = (
			);
			runOnlyForDeploymentPostprocessing = 0;
			shellPath = /bin/sh;
			shellScript = "\"${SRCROOT}/Pods/Target Support Files/Pods-Pour/Pods-Pour-resources.sh\"\n";
			showEnvVarsInLog = 0;
		};
		473FE0F1F3918C360E8AE951 /* [CP] Embed Pods Frameworks */ = {
			isa = PBXShellScriptBuildPhase;
			buildActionMask = 2147483647;
			files = (
			);
			inputPaths = (
				"${SRCROOT}/Pods/Target Support Files/Pods-Pour/Pods-Pour-frameworks.sh",
				"${BUILT_PRODUCTS_DIR}/EvernoteSDK/EvernoteSDK.framework",
			);
			name = "[CP] Embed Pods Frameworks";
			outputPaths = (
				"${TARGET_BUILD_DIR}/${FRAMEWORKS_FOLDER_PATH}/EvernoteSDK.framework",
			);
			runOnlyForDeploymentPostprocessing = 0;
			shellPath = /bin/sh;
			shellScript = "\"${SRCROOT}/Pods/Target Support Files/Pods-Pour/Pods-Pour-frameworks.sh\"\n";
			showEnvVarsInLog = 0;
		};
		B9ADA9B2CCFBE52A2EABBF2A /* [CP] Check Pods Manifest.lock */ = {
			isa = PBXShellScriptBuildPhase;
			buildActionMask = 2147483647;
			files = (
			);
			inputPaths = (
				"${PODS_PODFILE_DIR_PATH}/Podfile.lock",
				"${PODS_ROOT}/Manifest.lock",
			);
			name = "[CP] Check Pods Manifest.lock";
			outputPaths = (
				"$(DERIVED_FILE_DIR)/Pods-Pour-checkManifestLockResult.txt",
			);
			runOnlyForDeploymentPostprocessing = 0;
			shellPath = /bin/sh;
			shellScript = "diff \"${PODS_PODFILE_DIR_PATH}/Podfile.lock\" \"${PODS_ROOT}/Manifest.lock\" > /dev/null\nif [ $? != 0 ] ; then\n    # print error to STDERR\n    echo \"error: The sandbox is not in sync with the Podfile.lock. Run 'pod install' or update your CocoaPods installation.\" >&2\n    exit 1\nfi\n# This output is used by Xcode 'outputs' to avoid re-running this script phase.\necho \"SUCCESS\" > \"${SCRIPT_OUTPUT_FILE_0}\"\n";
			showEnvVarsInLog = 0;
		};
/* End PBXShellScriptBuildPhase section */

/* Begin PBXSourcesBuildPhase section */
		30E4415C1F7D3F8F00FC8463 /* Sources */ = {
			isa = PBXSourcesBuildPhase;
			buildActionMask = 2147483647;
			files = (
				30E8E4711F8BA092000AEA37 /* MainVC+AppearingViews.swift in Sources */,
				30E441661F7D3F8F00FC8463 /* MainVC.swift in Sources */,
				30E8E4751F8C1B5C000AEA37 /* EvernoteIntegration.swift in Sources */,
				30E8E4731F8BA2FA000AEA37 /* Audio.swift in Sources */,
				309D95EB235DB644002E2C34 /* SettingsTableVC.swift in Sources */,
				30C9A00D1F820A1D00A256D4 /* Keys.swift in Sources */,
				30E441641F7D3F8F00FC8463 /* AppDelegate.swift in Sources */,
			);
			runOnlyForDeploymentPostprocessing = 0;
		};
/* End PBXSourcesBuildPhase section */

/* Begin PBXVariantGroup section */
		30E441671F7D3F8F00FC8463 /* Main.storyboard */ = {
			isa = PBXVariantGroup;
			children = (
				30E441681F7D3F8F00FC8463 /* Base */,
			);
			name = Main.storyboard;
			sourceTree = "<group>";
		};
		30E4416C1F7D3F8F00FC8463 /* LaunchScreen.storyboard */ = {
			isa = PBXVariantGroup;
			children = (
				30E4416D1F7D3F8F00FC8463 /* Base */,
			);
			name = LaunchScreen.storyboard;
			sourceTree = "<group>";
		};
/* End PBXVariantGroup section */

/* Begin XCBuildConfiguration section */
		30E441701F7D3F8F00FC8463 /* Debug */ = {
			isa = XCBuildConfiguration;
			buildSettings = {
				ALWAYS_SEARCH_USER_PATHS = NO;
				CLANG_ANALYZER_NONNULL = YES;
				CLANG_ANALYZER_NUMBER_OBJECT_CONVERSION = YES_AGGRESSIVE;
				CLANG_CXX_LANGUAGE_STANDARD = "gnu++14";
				CLANG_CXX_LIBRARY = "libc++";
				CLANG_ENABLE_MODULES = YES;
				CLANG_ENABLE_OBJC_ARC = YES;
				CLANG_WARN_BLOCK_CAPTURE_AUTORELEASING = YES;
				CLANG_WARN_BOOL_CONVERSION = YES;
				CLANG_WARN_COMMA = YES;
				CLANG_WARN_CONSTANT_CONVERSION = YES;
				CLANG_WARN_DEPRECATED_OBJC_IMPLEMENTATIONS = YES;
				CLANG_WARN_DIRECT_OBJC_ISA_USAGE = YES_ERROR;
				CLANG_WARN_DOCUMENTATION_COMMENTS = YES;
				CLANG_WARN_EMPTY_BODY = YES;
				CLANG_WARN_ENUM_CONVERSION = YES;
				CLANG_WARN_INFINITE_RECURSION = YES;
				CLANG_WARN_INT_CONVERSION = YES;
				CLANG_WARN_NON_LITERAL_NULL_CONVERSION = YES;
				CLANG_WARN_OBJC_IMPLICIT_RETAIN_SELF = YES;
				CLANG_WARN_OBJC_LITERAL_CONVERSION = YES;
				CLANG_WARN_OBJC_ROOT_CLASS = YES_ERROR;
				CLANG_WARN_RANGE_LOOP_ANALYSIS = YES;
				CLANG_WARN_STRICT_PROTOTYPES = YES;
				CLANG_WARN_SUSPICIOUS_MOVE = YES;
				CLANG_WARN_UNGUARDED_AVAILABILITY = YES_AGGRESSIVE;
				CLANG_WARN_UNREACHABLE_CODE = YES;
				CLANG_WARN__DUPLICATE_METHOD_MATCH = YES;
				CODE_SIGN_IDENTITY = "iPhone Developer";
				COPY_PHASE_STRIP = NO;
				DEBUG_INFORMATION_FORMAT = dwarf;
				ENABLE_STRICT_OBJC_MSGSEND = YES;
				ENABLE_TESTABILITY = YES;
				GCC_C_LANGUAGE_STANDARD = gnu11;
				GCC_DYNAMIC_NO_PIC = NO;
				GCC_NO_COMMON_BLOCKS = YES;
				GCC_OPTIMIZATION_LEVEL = 0;
				GCC_PREPROCESSOR_DEFINITIONS = (
					"DEBUG=1",
					"$(inherited)",
				);
				GCC_WARN_64_TO_32_BIT_CONVERSION = YES;
				GCC_WARN_ABOUT_RETURN_TYPE = YES_ERROR;
				GCC_WARN_UNDECLARED_SELECTOR = YES;
				GCC_WARN_UNINITIALIZED_AUTOS = YES_AGGRESSIVE;
				GCC_WARN_UNUSED_FUNCTION = YES;
				GCC_WARN_UNUSED_VARIABLE = YES;
				IPHONEOS_DEPLOYMENT_TARGET = 10.0;
				MTL_ENABLE_DEBUG_INFO = YES;
				ONLY_ACTIVE_ARCH = YES;
				SDKROOT = iphoneos;
				SWIFT_ACTIVE_COMPILATION_CONDITIONS = DEBUG;
				SWIFT_OPTIMIZATION_LEVEL = "-Onone";
				SWIFT_VERSION = 5.0;
			};
			name = Debug;
		};
		30E441711F7D3F8F00FC8463 /* Release */ = {
			isa = XCBuildConfiguration;
			buildSettings = {
				ALWAYS_SEARCH_USER_PATHS = NO;
				CLANG_ANALYZER_NONNULL = YES;
				CLANG_ANALYZER_NUMBER_OBJECT_CONVERSION = YES_AGGRESSIVE;
				CLANG_CXX_LANGUAGE_STANDARD = "gnu++14";
				CLANG_CXX_LIBRARY = "libc++";
				CLANG_ENABLE_MODULES = YES;
				CLANG_ENABLE_OBJC_ARC = YES;
				CLANG_WARN_BLOCK_CAPTURE_AUTORELEASING = YES;
				CLANG_WARN_BOOL_CONVERSION = YES;
				CLANG_WARN_COMMA = YES;
				CLANG_WARN_CONSTANT_CONVERSION = YES;
				CLANG_WARN_DEPRECATED_OBJC_IMPLEMENTATIONS = YES;
				CLANG_WARN_DIRECT_OBJC_ISA_USAGE = YES_ERROR;
				CLANG_WARN_DOCUMENTATION_COMMENTS = YES;
				CLANG_WARN_EMPTY_BODY = YES;
				CLANG_WARN_ENUM_CONVERSION = YES;
				CLANG_WARN_INFINITE_RECURSION = YES;
				CLANG_WARN_INT_CONVERSION = YES;
				CLANG_WARN_NON_LITERAL_NULL_CONVERSION = YES;
				CLANG_WARN_OBJC_IMPLICIT_RETAIN_SELF = YES;
				CLANG_WARN_OBJC_LITERAL_CONVERSION = YES;
				CLANG_WARN_OBJC_ROOT_CLASS = YES_ERROR;
				CLANG_WARN_RANGE_LOOP_ANALYSIS = YES;
				CLANG_WARN_STRICT_PROTOTYPES = YES;
				CLANG_WARN_SUSPICIOUS_MOVE = YES;
				CLANG_WARN_UNGUARDED_AVAILABILITY = YES_AGGRESSIVE;
				CLANG_WARN_UNREACHABLE_CODE = YES;
				CLANG_WARN__DUPLICATE_METHOD_MATCH = YES;
				CODE_SIGN_IDENTITY = "iPhone Developer";
				COPY_PHASE_STRIP = NO;
				DEBUG_INFORMATION_FORMAT = "dwarf-with-dsym";
				ENABLE_NS_ASSERTIONS = NO;
				ENABLE_STRICT_OBJC_MSGSEND = YES;
				GCC_C_LANGUAGE_STANDARD = gnu11;
				GCC_NO_COMMON_BLOCKS = YES;
				GCC_WARN_64_TO_32_BIT_CONVERSION = YES;
				GCC_WARN_ABOUT_RETURN_TYPE = YES_ERROR;
				GCC_WARN_UNDECLARED_SELECTOR = YES;
				GCC_WARN_UNINITIALIZED_AUTOS = YES_AGGRESSIVE;
				GCC_WARN_UNUSED_FUNCTION = YES;
				GCC_WARN_UNUSED_VARIABLE = YES;
				IPHONEOS_DEPLOYMENT_TARGET = 10.0;
				MTL_ENABLE_DEBUG_INFO = NO;
				SDKROOT = iphoneos;
				SWIFT_OPTIMIZATION_LEVEL = "-Owholemodule";
				SWIFT_VERSION = 5.0;
				VALIDATE_PRODUCT = YES;
			};
			name = Release;
		};
		30E441731F7D3F8F00FC8463 /* Debug */ = {
			isa = XCBuildConfiguration;
			baseConfigurationReference = CA92D373141253449D509563 /* Pods-Pour.debug.xcconfig */;
			buildSettings = {
				ASSETCATALOG_COMPILER_APPICON_NAME = AppIcon;
				CODE_SIGN_STYLE = Automatic;
				DEVELOPMENT_TEAM = 9SPL76B3GR;
				INFOPLIST_FILE = Pour/Info.plist;
				LD_RUNPATH_SEARCH_PATHS = "$(inherited) @executable_path/Frameworks";
				PRODUCT_BUNDLE_IDENTIFIER = de.lennartwisbar.Pour;
				PRODUCT_NAME = "$(TARGET_NAME)";
				SWIFT_VERSION = 5.0;
				TARGETED_DEVICE_FAMILY = "1,2";
			};
			name = Debug;
		};
		30E441741F7D3F8F00FC8463 /* Release */ = {
			isa = XCBuildConfiguration;
			baseConfigurationReference = 8FE0D44A2F707DB44CEFF0E6 /* Pods-Pour.release.xcconfig */;
			buildSettings = {
				ASSETCATALOG_COMPILER_APPICON_NAME = AppIcon;
				CODE_SIGN_STYLE = Automatic;
				DEVELOPMENT_TEAM = 9SPL76B3GR;
				INFOPLIST_FILE = Pour/Info.plist;
				LD_RUNPATH_SEARCH_PATHS = "$(inherited) @executable_path/Frameworks";
				PRODUCT_BUNDLE_IDENTIFIER = de.lennartwisbar.Pour;
				PRODUCT_NAME = "$(TARGET_NAME)";
				SWIFT_VERSION = 5.0;
				TARGETED_DEVICE_FAMILY = "1,2";
			};
			name = Release;
		};
/* End XCBuildConfiguration section */

/* Begin XCConfigurationList section */
		30E4415B1F7D3F8F00FC8463 /* Build configuration list for PBXProject "Pour" */ = {
			isa = XCConfigurationList;
			buildConfigurations = (
				30E441701F7D3F8F00FC8463 /* Debug */,
				30E441711F7D3F8F00FC8463 /* Release */,
			);
			defaultConfigurationIsVisible = 0;
			defaultConfigurationName = Release;
		};
		30E441721F7D3F8F00FC8463 /* Build configuration list for PBXNativeTarget "Pour" */ = {
			isa = XCConfigurationList;
			buildConfigurations = (
				30E441731F7D3F8F00FC8463 /* Debug */,
				30E441741F7D3F8F00FC8463 /* Release */,
			);
			defaultConfigurationIsVisible = 0;
			defaultConfigurationName = Release;
		};
/* End XCConfigurationList section */
	};
	rootObject = 30E441581F7D3F8F00FC8463 /* Project object */;
}
